
Microsoft Visual Studio Solution File, Format Version 12.00
# Visual Studio 15
VisualStudioVersion = 15.0.28010.2026
MinimumVisualStudioVersion = 10.0.40219.1
Project("{FAE04EC0-301F-11D3-BF4B-00C04F79EFBC}") = "ObecniApp.Android", "ObecniApp\ObecniApp.Android\ObecniApp.Android.csproj", "{58CCF678-F792-44A8-B137-030518662DFC}"
EndProject
Project("{FAE04EC0-301F-11D3-BF4B-00C04F79EFBC}") = "ObecniApp.iOS", "ObecniApp\ObecniApp.iOS\ObecniApp.iOS.csproj", "{C0E8C5E0-C026-49ED-9968-D49F29F22D64}"
EndProject
Project("{FAE04EC0-301F-11D3-BF4B-00C04F79EFBC}") = "ObecniApp.UWP", "ObecniApp\ObecniApp.UWP\ObecniApp.UWP.csproj", "{A56D34EC-FFA0-4E2C-BDAC-6E7EA2392246}"
EndProject
Project("{FAE04EC0-301F-11D3-BF4B-00C04F79EFBC}") = "ObecniApp", "ObecniApp\ObecniApp\ObecniApp.csproj", "{E5B5C4D5-850E-4E4B-9C64-4B281935A2CA}"
EndProject
Global
	GlobalSection(SolutionConfigurationPlatforms) = preSolution
		Ad-Hoc|Any CPU = Ad-Hoc|Any CPU
		Ad-Hoc|ARM = Ad-Hoc|ARM
		Ad-Hoc|iPhone = Ad-Hoc|iPhone
		Ad-Hoc|iPhoneSimulator = Ad-Hoc|iPhoneSimulator
		Ad-Hoc|x64 = Ad-Hoc|x64
		Ad-Hoc|x86 = Ad-Hoc|x86
		AppStore|Any CPU = AppStore|Any CPU
		AppStore|ARM = AppStore|ARM
		AppStore|iPhone = AppStore|iPhone
		AppStore|iPhoneSimulator = AppStore|iPhoneSimulator
		AppStore|x64 = AppStore|x64
		AppStore|x86 = AppStore|x86
		Debug|Any CPU = Debug|Any CPU
		Debug|ARM = Debug|ARM
		Debug|iPhone = Debug|iPhone
		Debug|iPhoneSimulator = Debug|iPhoneSimulator
		Debug|x64 = Debug|x64
		Debug|x86 = Debug|x86
		Release|Any CPU = Release|Any CPU
		Release|ARM = Release|ARM
		Release|iPhone = Release|iPhone
		Release|iPhoneSimulator = Release|iPhoneSimulator
		Release|x64 = Release|x64
		Release|x86 = Release|x86
	EndGlobalSection
	GlobalSection(ProjectConfigurationPlatforms) = postSolution
		{58CCF678-F792-44A8-B137-030518662DFC}.Ad-Hoc|Any CPU.ActiveCfg = Release|Any CPU
		{58CCF678-F792-44A8-B137-030518662DFC}.Ad-Hoc|Any CPU.Build.0 = Release|Any CPU
		{58CCF678-F792-44A8-B137-030518662DFC}.Ad-Hoc|Any CPU.Deploy.0 = Release|Any CPU
		{58CCF678-F792-44A8-B137-030518662DFC}.Ad-Hoc|ARM.ActiveCfg = Release|Any CPU
		{58CCF678-F792-44A8-B137-030518662DFC}.Ad-Hoc|ARM.Build.0 = Release|Any CPU
		{58CCF678-F792-44A8-B137-030518662DFC}.Ad-Hoc|ARM.Deploy.0 = Release|Any CPU
		{58CCF678-F792-44A8-B137-030518662DFC}.Ad-Hoc|iPhone.ActiveCfg = Release|Any CPU
		{58CCF678-F792-44A8-B137-030518662DFC}.Ad-Hoc|iPhone.Build.0 = Release|Any CPU
		{58CCF678-F792-44A8-B137-030518662DFC}.Ad-Hoc|iPhone.Deploy.0 = Release|Any CPU
		{58CCF678-F792-44A8-B137-030518662DFC}.Ad-Hoc|iPhoneSimulator.ActiveCfg = Release|Any CPU
		{58CCF678-F792-44A8-B137-030518662DFC}.Ad-Hoc|iPhoneSimulator.Build.0 = Release|Any CPU
		{58CCF678-F792-44A8-B137-030518662DFC}.Ad-Hoc|iPhoneSimulator.Deploy.0 = Release|Any CPU
		{58CCF678-F792-44A8-B137-030518662DFC}.Ad-Hoc|x64.ActiveCfg = Release|Any CPU
		{58CCF678-F792-44A8-B137-030518662DFC}.Ad-Hoc|x64.Build.0 = Release|Any CPU
		{58CCF678-F792-44A8-B137-030518662DFC}.Ad-Hoc|x64.Deploy.0 = Release|Any CPU
		{58CCF678-F792-44A8-B137-030518662DFC}.Ad-Hoc|x86.ActiveCfg = Release|Any CPU
		{58CCF678-F792-44A8-B137-030518662DFC}.Ad-Hoc|x86.Build.0 = Release|Any CPU
		{58CCF678-F792-44A8-B137-030518662DFC}.Ad-Hoc|x86.Deploy.0 = Release|Any CPU
		{58CCF678-F792-44A8-B137-030518662DFC}.AppStore|Any CPU.ActiveCfg = Release|Any CPU
		{58CCF678-F792-44A8-B137-030518662DFC}.AppStore|Any CPU.Build.0 = Release|Any CPU
		{58CCF678-F792-44A8-B137-030518662DFC}.AppStore|Any CPU.Deploy.0 = Release|Any CPU
		{58CCF678-F792-44A8-B137-030518662DFC}.AppStore|ARM.ActiveCfg = Release|Any CPU
		{58CCF678-F792-44A8-B137-030518662DFC}.AppStore|ARM.Build.0 = Release|Any CPU
		{58CCF678-F792-44A8-B137-030518662DFC}.AppStore|ARM.Deploy.0 = Release|Any CPU
		{58CCF678-F792-44A8-B137-030518662DFC}.AppStore|iPhone.ActiveCfg = Release|Any CPU
		{58CCF678-F792-44A8-B137-030518662DFC}.AppStore|iPhone.Build.0 = Release|Any CPU
		{58CCF678-F792-44A8-B137-030518662DFC}.AppStore|iPhone.Deploy.0 = Release|Any CPU
		{58CCF678-F792-44A8-B137-030518662DFC}.AppStore|iPhoneSimulator.ActiveCfg = Release|Any CPU
		{58CCF678-F792-44A8-B137-030518662DFC}.AppStore|iPhoneSimulator.Build.0 = Release|Any CPU
		{58CCF678-F792-44A8-B137-030518662DFC}.AppStore|iPhoneSimulator.Deploy.0 = Release|Any CPU
		{58CCF678-F792-44A8-B137-030518662DFC}.AppStore|x64.ActiveCfg = Release|Any CPU
		{58CCF678-F792-44A8-B137-030518662DFC}.AppStore|x64.Build.0 = Release|Any CPU
		{58CCF678-F792-44A8-B137-030518662DFC}.AppStore|x64.Deploy.0 = Release|Any CPU
		{58CCF678-F792-44A8-B137-030518662DFC}.AppStore|x86.ActiveCfg = Release|Any CPU
		{58CCF678-F792-44A8-B137-030518662DFC}.AppStore|x86.Build.0 = Release|Any CPU
		{58CCF678-F792-44A8-B137-030518662DFC}.AppStore|x86.Deploy.0 = Release|Any CPU
		{58CCF678-F792-44A8-B137-030518662DFC}.Debug|Any CPU.ActiveCfg = Debug|Any CPU
		{58CCF678-F792-44A8-B137-030518662DFC}.Debug|Any CPU.Build.0 = Debug|Any CPU
		{58CCF678-F792-44A8-B137-030518662DFC}.Debug|Any CPU.Deploy.0 = Debug|Any CPU
		{58CCF678-F792-44A8-B137-030518662DFC}.Debug|ARM.ActiveCfg = Debug|Any CPU
		{58CCF678-F792-44A8-B137-030518662DFC}.Debug|ARM.Build.0 = Debug|Any CPU
		{58CCF678-F792-44A8-B137-030518662DFC}.Debug|ARM.Deploy.0 = Debug|Any CPU
		{58CCF678-F792-44A8-B137-030518662DFC}.Debug|iPhone.ActiveCfg = Debug|Any CPU
		{58CCF678-F792-44A8-B137-030518662DFC}.Debug|iPhone.Build.0 = Debug|Any CPU
		{58CCF678-F792-44A8-B137-030518662DFC}.Debug|iPhone.Deploy.0 = Debug|Any CPU
		{58CCF678-F792-44A8-B137-030518662DFC}.Debug|iPhoneSimulator.ActiveCfg = Debug|Any CPU
		{58CCF678-F792-44A8-B137-030518662DFC}.Debug|iPhoneSimulator.Build.0 = Debug|Any CPU
		{58CCF678-F792-44A8-B137-030518662DFC}.Debug|iPhoneSimulator.Deploy.0 = Debug|Any CPU
		{58CCF678-F792-44A8-B137-030518662DFC}.Debug|x64.ActiveCfg = Debug|Any CPU
		{58CCF678-F792-44A8-B137-030518662DFC}.Debug|x64.Build.0 = Debug|Any CPU
		{58CCF678-F792-44A8-B137-030518662DFC}.Debug|x64.Deploy.0 = Debug|Any CPU
		{58CCF678-F792-44A8-B137-030518662DFC}.Debug|x86.ActiveCfg = Debug|Any CPU
		{58CCF678-F792-44A8-B137-030518662DFC}.Debug|x86.Build.0 = Debug|Any CPU
		{58CCF678-F792-44A8-B137-030518662DFC}.Debug|x86.Deploy.0 = Debug|Any CPU
		{58CCF678-F792-44A8-B137-030518662DFC}.Release|Any CPU.ActiveCfg = Release|Any CPU
		{58CCF678-F792-44A8-B137-030518662DFC}.Release|Any CPU.Build.0 = Release|Any CPU
		{58CCF678-F792-44A8-B137-030518662DFC}.Release|Any CPU.Deploy.0 = Release|Any CPU
		{58CCF678-F792-44A8-B137-030518662DFC}.Release|ARM.ActiveCfg = Release|Any CPU
		{58CCF678-F792-44A8-B137-030518662DFC}.Release|ARM.Build.0 = Release|Any CPU
		{58CCF678-F792-44A8-B137-030518662DFC}.Release|ARM.Deploy.0 = Release|Any CPU
		{58CCF678-F792-44A8-B137-030518662DFC}.Release|iPhone.ActiveCfg = Release|Any CPU
		{58CCF678-F792-44A8-B137-030518662DFC}.Release|iPhone.Build.0 = Release|Any CPU
		{58CCF678-F792-44A8-B137-030518662DFC}.Release|iPhone.Deploy.0 = Release|Any CPU
		{58CCF678-F792-44A8-B137-030518662DFC}.Release|iPhoneSimulator.ActiveCfg = Release|Any CPU
		{58CCF678-F792-44A8-B137-030518662DFC}.Release|iPhoneSimulator.Build.0 = Release|Any CPU
		{58CCF678-F792-44A8-B137-030518662DFC}.Release|iPhoneSimulator.Deploy.0 = Release|Any CPU
		{58CCF678-F792-44A8-B137-030518662DFC}.Release|x64.ActiveCfg = Release|Any CPU
		{58CCF678-F792-44A8-B137-030518662DFC}.Release|x64.Build.0 = Release|Any CPU
		{58CCF678-F792-44A8-B137-030518662DFC}.Release|x64.Deploy.0 = Release|Any CPU
		{58CCF678-F792-44A8-B137-030518662DFC}.Release|x86.ActiveCfg = Release|Any CPU
		{58CCF678-F792-44A8-B137-030518662DFC}.Release|x86.Build.0 = Release|Any CPU
		{58CCF678-F792-44A8-B137-030518662DFC}.Release|x86.Deploy.0 = Release|Any CPU
		{C0E8C5E0-C026-49ED-9968-D49F29F22D64}.Ad-Hoc|Any CPU.ActiveCfg = Ad-Hoc|iPhone
		{C0E8C5E0-C026-49ED-9968-D49F29F22D64}.Ad-Hoc|Any CPU.Build.0 = Ad-Hoc|iPhone
		{C0E8C5E0-C026-49ED-9968-D49F29F22D64}.Ad-Hoc|Any CPU.Deploy.0 = Ad-Hoc|iPhone
		{C0E8C5E0-C026-49ED-9968-D49F29F22D64}.Ad-Hoc|ARM.ActiveCfg = Ad-Hoc|iPhone
		{C0E8C5E0-C026-49ED-9968-D49F29F22D64}.Ad-Hoc|ARM.Build.0 = Ad-Hoc|iPhone
		{C0E8C5E0-C026-49ED-9968-D49F29F22D64}.Ad-Hoc|ARM.Deploy.0 = Ad-Hoc|iPhone
		{C0E8C5E0-C026-49ED-9968-D49F29F22D64}.Ad-Hoc|iPhone.ActiveCfg = Ad-Hoc|iPhone
		{C0E8C5E0-C026-49ED-9968-D49F29F22D64}.Ad-Hoc|iPhone.Build.0 = Ad-Hoc|iPhone
		{C0E8C5E0-C026-49ED-9968-D49F29F22D64}.Ad-Hoc|iPhone.Deploy.0 = Ad-Hoc|iPhone
		{C0E8C5E0-C026-49ED-9968-D49F29F22D64}.Ad-Hoc|iPhoneSimulator.ActiveCfg = Ad-Hoc|iPhoneSimulator
		{C0E8C5E0-C026-49ED-9968-D49F29F22D64}.Ad-Hoc|iPhoneSimulator.Build.0 = Ad-Hoc|iPhoneSimulator
		{C0E8C5E0-C026-49ED-9968-D49F29F22D64}.Ad-Hoc|iPhoneSimulator.Deploy.0 = Ad-Hoc|iPhoneSimulator
		{C0E8C5E0-C026-49ED-9968-D49F29F22D64}.Ad-Hoc|x64.ActiveCfg = Ad-Hoc|iPhone
		{C0E8C5E0-C026-49ED-9968-D49F29F22D64}.Ad-Hoc|x64.Build.0 = Ad-Hoc|iPhone
		{C0E8C5E0-C026-49ED-9968-D49F29F22D64}.Ad-Hoc|x64.Deploy.0 = Ad-Hoc|iPhone
		{C0E8C5E0-C026-49ED-9968-D49F29F22D64}.Ad-Hoc|x86.ActiveCfg = Ad-Hoc|iPhone
		{C0E8C5E0-C026-49ED-9968-D49F29F22D64}.Ad-Hoc|x86.Build.0 = Ad-Hoc|iPhone
		{C0E8C5E0-C026-49ED-9968-D49F29F22D64}.Ad-Hoc|x86.Deploy.0 = Ad-Hoc|iPhone
		{C0E8C5E0-C026-49ED-9968-D49F29F22D64}.AppStore|Any CPU.ActiveCfg = AppStore|iPhone
		{C0E8C5E0-C026-49ED-9968-D49F29F22D64}.AppStore|Any CPU.Build.0 = AppStore|iPhone
		{C0E8C5E0-C026-49ED-9968-D49F29F22D64}.AppStore|Any CPU.Deploy.0 = AppStore|iPhone
		{C0E8C5E0-C026-49ED-9968-D49F29F22D64}.AppStore|ARM.ActiveCfg = AppStore|iPhone
		{C0E8C5E0-C026-49ED-9968-D49F29F22D64}.AppStore|ARM.Build.0 = AppStore|iPhone
		{C0E8C5E0-C026-49ED-9968-D49F29F22D64}.AppStore|ARM.Deploy.0 = AppStore|iPhone
		{C0E8C5E0-C026-49ED-9968-D49F29F22D64}.AppStore|iPhone.ActiveCfg = AppStore|iPhone
		{C0E8C5E0-C026-49ED-9968-D49F29F22D64}.AppStore|iPhone.Build.0 = AppStore|iPhone
		{C0E8C5E0-C026-49ED-9968-D49F29F22D64}.AppStore|iPhone.Deploy.0 = AppStore|iPhone
		{C0E8C5E0-C026-49ED-9968-D49F29F22D64}.AppStore|iPhoneSimulator.ActiveCfg = AppStore|iPhoneSimulator
		{C0E8C5E0-C026-49ED-9968-D49F29F22D64}.AppStore|iPhoneSimulator.Build.0 = AppStore|iPhoneSimulator
		{C0E8C5E0-C026-49ED-9968-D49F29F22D64}.AppStore|iPhoneSimulator.Deploy.0 = AppStore|iPhoneSimulator
		{C0E8C5E0-C026-49ED-9968-D49F29F22D64}.AppStore|x64.ActiveCfg = AppStore|iPhone
		{C0E8C5E0-C026-49ED-9968-D49F29F22D64}.AppStore|x64.Build.0 = AppStore|iPhone
		{C0E8C5E0-C026-49ED-9968-D49F29F22D64}.AppStore|x64.Deploy.0 = AppStore|iPhone
		{C0E8C5E0-C026-49ED-9968-D49F29F22D64}.AppStore|x86.ActiveCfg = AppStore|iPhone
		{C0E8C5E0-C026-49ED-9968-D49F29F22D64}.AppStore|x86.Build.0 = AppStore|iPhone
		{C0E8C5E0-C026-49ED-9968-D49F29F22D64}.AppStore|x86.Deploy.0 = AppStore|iPhone
		{C0E8C5E0-C026-49ED-9968-D49F29F22D64}.Debug|Any CPU.ActiveCfg = Debug|iPhoneSimulator
		{C0E8C5E0-C026-49ED-9968-D49F29F22D64}.Debug|Any CPU.Build.0 = Debug|iPhoneSimulator
		{C0E8C5E0-C026-49ED-9968-D49F29F22D64}.Debug|Any CPU.Deploy.0 = Debug|iPhoneSimulator
		{C0E8C5E0-C026-49ED-9968-D49F29F22D64}.Debug|ARM.ActiveCfg = Debug|iPhone
		{C0E8C5E0-C026-49ED-9968-D49F29F22D64}.Debug|ARM.Build.0 = Debug|iPhone
		{C0E8C5E0-C026-49ED-9968-D49F29F22D64}.Debug|ARM.Deploy.0 = Debug|iPhone
		{C0E8C5E0-C026-49ED-9968-D49F29F22D64}.Debug|iPhone.ActiveCfg = Debug|iPhone
		{C0E8C5E0-C026-49ED-9968-D49F29F22D64}.Debug|iPhone.Build.0 = Debug|iPhone
		{C0E8C5E0-C026-49ED-9968-D49F29F22D64}.Debug|iPhone.Deploy.0 = Debug|iPhone
		{C0E8C5E0-C026-49ED-9968-D49F29F22D64}.Debug|iPhoneSimulator.ActiveCfg = Debug|iPhoneSimulator
		{C0E8C5E0-C026-49ED-9968-D49F29F22D64}.Debug|iPhoneSimulator.Build.0 = Debug|iPhoneSimulator
		{C0E8C5E0-C026-49ED-9968-D49F29F22D64}.Debug|iPhoneSimulator.Deploy.0 = Debug|iPhoneSimulator
		{C0E8C5E0-C026-49ED-9968-D49F29F22D64}.Debug|x64.ActiveCfg = Debug|iPhone
		{C0E8C5E0-C026-49ED-9968-D49F29F22D64}.Debug|x64.Build.0 = Debug|iPhone
		{C0E8C5E0-C026-49ED-9968-D49F29F22D64}.Debug|x64.Deploy.0 = Debug|iPhone
		{C0E8C5E0-C026-49ED-9968-D49F29F22D64}.Debug|x86.ActiveCfg = Debug|iPhone
		{C0E8C5E0-C026-49ED-9968-D49F29F22D64}.Debug|x86.Build.0 = Debug|iPhone
		{C0E8C5E0-C026-49ED-9968-D49F29F22D64}.Debug|x86.Deploy.0 = Debug|iPhone
		{C0E8C5E0-C026-49ED-9968-D49F29F22D64}.Release|Any CPU.ActiveCfg = Release|iPhone
		{C0E8C5E0-C026-49ED-9968-D49F29F22D64}.Release|Any CPU.Build.0 = Release|iPhone
		{C0E8C5E0-C026-49ED-9968-D49F29F22D64}.Release|Any CPU.Deploy.0 = Release|iPhone
		{C0E8C5E0-C026-49ED-9968-D49F29F22D64}.Release|ARM.ActiveCfg = Release|iPhone
		{C0E8C5E0-C026-49ED-9968-D49F29F22D64}.Release|ARM.Build.0 = Release|iPhone
		{C0E8C5E0-C026-49ED-9968-D49F29F22D64}.Release|ARM.Deploy.0 = Release|iPhone
		{C0E8C5E0-C026-49ED-9968-D49F29F22D64}.Release|iPhone.ActiveCfg = Release|iPhone
		{C0E8C5E0-C026-49ED-9968-D49F29F22D64}.Release|iPhone.Build.0 = Release|iPhone
		{C0E8C5E0-C026-49ED-9968-D49F29F22D64}.Release|iPhone.Deploy.0 = Release|iPhone
		{C0E8C5E0-C026-49ED-9968-D49F29F22D64}.Release|iPhoneSimulator.ActiveCfg = Release|iPhoneSimulator
		{C0E8C5E0-C026-49ED-9968-D49F29F22D64}.Release|iPhoneSimulator.Build.0 = Release|iPhoneSimulator
		{C0E8C5E0-C026-49ED-9968-D49F29F22D64}.Release|iPhoneSimulator.Deploy.0 = Release|iPhoneSimulator
		{C0E8C5E0-C026-49ED-9968-D49F29F22D64}.Release|x64.ActiveCfg = Release|iPhone
		{C0E8C5E0-C026-49ED-9968-D49F29F22D64}.Release|x64.Build.0 = Release|iPhone
		{C0E8C5E0-C026-49ED-9968-D49F29F22D64}.Release|x64.Deploy.0 = Release|iPhone
		{C0E8C5E0-C026-49ED-9968-D49F29F22D64}.Release|x86.ActiveCfg = Release|iPhone
		{C0E8C5E0-C026-49ED-9968-D49F29F22D64}.Release|x86.Build.0 = Release|iPhone
		{C0E8C5E0-C026-49ED-9968-D49F29F22D64}.Release|x86.Deploy.0 = Release|iPhone
		{A56D34EC-FFA0-4E2C-BDAC-6E7EA2392246}.Ad-Hoc|Any CPU.ActiveCfg = Release|x86
		{A56D34EC-FFA0-4E2C-BDAC-6E7EA2392246}.Ad-Hoc|Any CPU.Build.0 = Release|x86
		{A56D34EC-FFA0-4E2C-BDAC-6E7EA2392246}.Ad-Hoc|Any CPU.Deploy.0 = Release|x86
		{A56D34EC-FFA0-4E2C-BDAC-6E7EA2392246}.Ad-Hoc|ARM.ActiveCfg = Release|ARM
		{A56D34EC-FFA0-4E2C-BDAC-6E7EA2392246}.Ad-Hoc|ARM.Build.0 = Release|ARM
		{A56D34EC-FFA0-4E2C-BDAC-6E7EA2392246}.Ad-Hoc|ARM.Deploy.0 = Release|ARM
		{A56D34EC-FFA0-4E2C-BDAC-6E7EA2392246}.Ad-Hoc|iPhone.ActiveCfg = Release|x86
		{A56D34EC-FFA0-4E2C-BDAC-6E7EA2392246}.Ad-Hoc|iPhone.Build.0 = Release|x86
		{A56D34EC-FFA0-4E2C-BDAC-6E7EA2392246}.Ad-Hoc|iPhone.Deploy.0 = Release|x86
		{A56D34EC-FFA0-4E2C-BDAC-6E7EA2392246}.Ad-Hoc|iPhoneSimulator.ActiveCfg = Release|x86
		{A56D34EC-FFA0-4E2C-BDAC-6E7EA2392246}.Ad-Hoc|iPhoneSimulator.Build.0 = Release|x86
		{A56D34EC-FFA0-4E2C-BDAC-6E7EA2392246}.Ad-Hoc|iPhoneSimulator.Deploy.0 = Release|x86
		{A56D34EC-FFA0-4E2C-BDAC-6E7EA2392246}.Ad-Hoc|x64.ActiveCfg = Release|x64
		{A56D34EC-FFA0-4E2C-BDAC-6E7EA2392246}.Ad-Hoc|x64.Build.0 = Release|x64
		{A56D34EC-FFA0-4E2C-BDAC-6E7EA2392246}.Ad-Hoc|x64.Deploy.0 = Release|x64
		{A56D34EC-FFA0-4E2C-BDAC-6E7EA2392246}.Ad-Hoc|x86.ActiveCfg = Release|x86
		{A56D34EC-FFA0-4E2C-BDAC-6E7EA2392246}.Ad-Hoc|x86.Build.0 = Release|x86
		{A56D34EC-FFA0-4E2C-BDAC-6E7EA2392246}.Ad-Hoc|x86.Deploy.0 = Release|x86
		{A56D34EC-FFA0-4E2C-BDAC-6E7EA2392246}.AppStore|Any CPU.ActiveCfg = Release|x86
		{A56D34EC-FFA0-4E2C-BDAC-6E7EA2392246}.AppStore|Any CPU.Build.0 = Release|x86
		{A56D34EC-FFA0-4E2C-BDAC-6E7EA2392246}.AppStore|Any CPU.Deploy.0 = Release|x86
		{A56D34EC-FFA0-4E2C-BDAC-6E7EA2392246}.AppStore|ARM.ActiveCfg = Release|ARM
		{A56D34EC-FFA0-4E2C-BDAC-6E7EA2392246}.AppStore|ARM.Build.0 = Release|ARM
		{A56D34EC-FFA0-4E2C-BDAC-6E7EA2392246}.AppStore|ARM.Deploy.0 = Release|ARM
		{A56D34EC-FFA0-4E2C-BDAC-6E7EA2392246}.AppStore|iPhone.ActiveCfg = Release|x86
		{A56D34EC-FFA0-4E2C-BDAC-6E7EA2392246}.AppStore|iPhone.Build.0 = Release|x86
		{A56D34EC-FFA0-4E2C-BDAC-6E7EA2392246}.AppStore|iPhone.Deploy.0 = Release|x86
		{A56D34EC-FFA0-4E2C-BDAC-6E7EA2392246}.AppStore|iPhoneSimulator.ActiveCfg = Release|x86
		{A56D34EC-FFA0-4E2C-BDAC-6E7EA2392246}.AppStore|iPhoneSimulator.Build.0 = Release|x86
		{A56D34EC-FFA0-4E2C-BDAC-6E7EA2392246}.AppStore|iPhoneSimulator.Deploy.0 = Release|x86
		{A56D34EC-FFA0-4E2C-BDAC-6E7EA2392246}.AppStore|x64.ActiveCfg = Release|x64
		{A56D34EC-FFA0-4E2C-BDAC-6E7EA2392246}.AppStore|x64.Build.0 = Release|x64
		{A56D34EC-FFA0-4E2C-BDAC-6E7EA2392246}.AppStore|x64.Deploy.0 = Release|x64
		{A56D34EC-FFA0-4E2C-BDAC-6E7EA2392246}.AppStore|x86.ActiveCfg = Release|x86
		{A56D34EC-FFA0-4E2C-BDAC-6E7EA2392246}.AppStore|x86.Build.0 = Release|x86
		{A56D34EC-FFA0-4E2C-BDAC-6E7EA2392246}.AppStore|x86.Deploy.0 = Release|x86
		{A56D34EC-FFA0-4E2C-BDAC-6E7EA2392246}.Debug|Any CPU.ActiveCfg = Debug|x86
		{A56D34EC-FFA0-4E2C-BDAC-6E7EA2392246}.Debug|Any CPU.Build.0 = Debug|x86
		{A56D34EC-FFA0-4E2C-BDAC-6E7EA2392246}.Debug|Any CPU.Deploy.0 = Debug|x86
		{A56D34EC-FFA0-4E2C-BDAC-6E7EA2392246}.Debug|ARM.ActiveCfg = Debug|ARM
		{A56D34EC-FFA0-4E2C-BDAC-6E7EA2392246}.Debug|ARM.Build.0 = Debug|ARM
		{A56D34EC-FFA0-4E2C-BDAC-6E7EA2392246}.Debug|ARM.Deploy.0 = Debug|ARM
		{A56D34EC-FFA0-4E2C-BDAC-6E7EA2392246}.Debug|iPhone.ActiveCfg = Debug|x86
		{A56D34EC-FFA0-4E2C-BDAC-6E7EA2392246}.Debug|iPhone.Build.0 = Debug|x86
		{A56D34EC-FFA0-4E2C-BDAC-6E7EA2392246}.Debug|iPhone.Deploy.0 = Debug|x86
		{A56D34EC-FFA0-4E2C-BDAC-6E7EA2392246}.Debug|iPhoneSimulator.ActiveCfg = Debug|x86
		{A56D34EC-FFA0-4E2C-BDAC-6E7EA2392246}.Debug|iPhoneSimulator.Build.0 = Debug|x86
		{A56D34EC-FFA0-4E2C-BDAC-6E7EA2392246}.Debug|iPhoneSimulator.Deploy.0 = Debug|x86
		{A56D34EC-FFA0-4E2C-BDAC-6E7EA2392246}.Debug|x64.ActiveCfg = Debug|x64
		{A56D34EC-FFA0-4E2C-BDAC-6E7EA2392246}.Debug|x64.Build.0 = Debug|x64
		{A56D34EC-FFA0-4E2C-BDAC-6E7EA2392246}.Debug|x64.Deploy.0 = Debug|x64
		{A56D34EC-FFA0-4E2C-BDAC-6E7EA2392246}.Debug|x86.ActiveCfg = Debug|x86
		{A56D34EC-FFA0-4E2C-BDAC-6E7EA2392246}.Debug|x86.Build.0 = Debug|x86
		{A56D34EC-FFA0-4E2C-BDAC-6E7EA2392246}.Debug|x86.Deploy.0 = Debug|x86
		{A56D34EC-FFA0-4E2C-BDAC-6E7EA2392246}.Release|Any CPU.ActiveCfg = Release|x86
		{A56D34EC-FFA0-4E2C-BDAC-6E7EA2392246}.Release|Any CPU.Build.0 = Release|x86
		{A56D34EC-FFA0-4E2C-BDAC-6E7EA2392246}.Release|Any CPU.Deploy.0 = Release|x86
		{A56D34EC-FFA0-4E2C-BDAC-6E7EA2392246}.Release|ARM.ActiveCfg = Release|ARM
		{A56D34EC-FFA0-4E2C-BDAC-6E7EA2392246}.Release|ARM.Build.0 = Release|ARM
		{A56D34EC-FFA0-4E2C-BDAC-6E7EA2392246}.Release|ARM.Deploy.0 = Release|ARM
		{A56D34EC-FFA0-4E2C-BDAC-6E7EA2392246}.Release|iPhone.ActiveCfg = Release|x86
		{A56D34EC-FFA0-4E2C-BDAC-6E7EA2392246}.Release|iPhone.Build.0 = Release|x86
		{A56D34EC-FFA0-4E2C-BDAC-6E7EA2392246}.Release|iPhone.Deploy.0 = Release|x86
		{A56D34EC-FFA0-4E2C-BDAC-6E7EA2392246}.Release|iPhoneSimulator.ActiveCfg = Release|x86
		{A56D34EC-FFA0-4E2C-BDAC-6E7EA2392246}.Release|iPhoneSimulator.Build.0 = Release|x86
		{A56D34EC-FFA0-4E2C-BDAC-6E7EA2392246}.Release|iPhoneSimulator.Deploy.0 = Release|x86
		{A56D34EC-FFA0-4E2C-BDAC-6E7EA2392246}.Release|x64.ActiveCfg = Release|x64
		{A56D34EC-FFA0-4E2C-BDAC-6E7EA2392246}.Release|x64.Build.0 = Release|x64
		{A56D34EC-FFA0-4E2C-BDAC-6E7EA2392246}.Release|x64.Deploy.0 = Release|x64
		{A56D34EC-FFA0-4E2C-BDAC-6E7EA2392246}.Release|x86.ActiveCfg = Release|x86
		{A56D34EC-FFA0-4E2C-BDAC-6E7EA2392246}.Release|x86.Build.0 = Release|x86
		{A56D34EC-FFA0-4E2C-BDAC-6E7EA2392246}.Release|x86.Deploy.0 = Release|x86
		{E5B5C4D5-850E-4E4B-9C64-4B281935A2CA}.Ad-Hoc|Any CPU.ActiveCfg = Debug|Any CPU
		{E5B5C4D5-850E-4E4B-9C64-4B281935A2CA}.Ad-Hoc|Any CPU.Build.0 = Debug|Any CPU
		{E5B5C4D5-850E-4E4B-9C64-4B281935A2CA}.Ad-Hoc|Any CPU.Deploy.0 = Debug|Any CPU
		{E5B5C4D5-850E-4E4B-9C64-4B281935A2CA}.Ad-Hoc|ARM.ActiveCfg = Debug|Any CPU
		{E5B5C4D5-850E-4E4B-9C64-4B281935A2CA}.Ad-Hoc|ARM.Build.0 = Debug|Any CPU
		{E5B5C4D5-850E-4E4B-9C64-4B281935A2CA}.Ad-Hoc|ARM.Deploy.0 = Debug|Any CPU
		{E5B5C4D5-850E-4E4B-9C64-4B281935A2CA}.Ad-Hoc|iPhone.ActiveCfg = Debug|Any CPU
		{E5B5C4D5-850E-4E4B-9C64-4B281935A2CA}.Ad-Hoc|iPhone.Build.0 = Debug|Any CPU
		{E5B5C4D5-850E-4E4B-9C64-4B281935A2CA}.Ad-Hoc|iPhone.Deploy.0 = Debug|Any CPU
		{E5B5C4D5-850E-4E4B-9C64-4B281935A2CA}.Ad-Hoc|iPhoneSimulator.ActiveCfg = Debug|Any CPU
		{E5B5C4D5-850E-4E4B-9C64-4B281935A2CA}.Ad-Hoc|iPhoneSimulator.Build.0 = Debug|Any CPU
		{E5B5C4D5-850E-4E4B-9C64-4B281935A2CA}.Ad-Hoc|iPhoneSimulator.Deploy.0 = Debug|Any CPU
		{E5B5C4D5-850E-4E4B-9C64-4B281935A2CA}.Ad-Hoc|x64.ActiveCfg = Debug|Any CPU
		{E5B5C4D5-850E-4E4B-9C64-4B281935A2CA}.Ad-Hoc|x64.Build.0 = Debug|Any CPU
		{E5B5C4D5-850E-4E4B-9C64-4B281935A2CA}.Ad-Hoc|x64.Deploy.0 = Debug|Any CPU
		{E5B5C4D5-850E-4E4B-9C64-4B281935A2CA}.Ad-Hoc|x86.ActiveCfg = Debug|Any CPU
		{E5B5C4D5-850E-4E4B-9C64-4B281935A2CA}.Ad-Hoc|x86.Build.0 = Debug|Any CPU
		{E5B5C4D5-850E-4E4B-9C64-4B281935A2CA}.Ad-Hoc|x86.Deploy.0 = Debug|Any CPU
		{E5B5C4D5-850E-4E4B-9C64-4B281935A2CA}.AppStore|Any CPU.ActiveCfg = Debug|Any CPU
		{E5B5C4D5-850E-4E4B-9C64-4B281935A2CA}.AppStore|Any CPU.Build.0 = Debug|Any CPU
		{E5B5C4D5-850E-4E4B-9C64-4B281935A2CA}.AppStore|Any CPU.Deploy.0 = Debug|Any CPU
		{E5B5C4D5-850E-4E4B-9C64-4B281935A2CA}.AppStore|ARM.ActiveCfg = Debug|Any CPU
		{E5B5C4D5-850E-4E4B-9C64-4B281935A2CA}.AppStore|ARM.Build.0 = Debug|Any CPU
		{E5B5C4D5-850E-4E4B-9C64-4B281935A2CA}.AppStore|ARM.Deploy.0 = Debug|Any CPU
		{E5B5C4D5-850E-4E4B-9C64-4B281935A2CA}.AppStore|iPhone.ActiveCfg = Debug|Any CPU
		{E5B5C4D5-850E-4E4B-9C64-4B281935A2CA}.AppStore|iPhone.Build.0 = Debug|Any CPU
		{E5B5C4D5-850E-4E4B-9C64-4B281935A2CA}.AppStore|iPhone.Deploy.0 = Debug|Any CPU
		{E5B5C4D5-850E-4E4B-9C64-4B281935A2CA}.AppStore|iPhoneSimulator.ActiveCfg = Debug|Any CPU
		{E5B5C4D5-850E-4E4B-9C64-4B281935A2CA}.AppStore|iPhoneSimulator.Build.0 = Debug|Any CPU
		{E5B5C4D5-850E-4E4B-9C64-4B281935A2CA}.AppStore|iPhoneSimulator.Deploy.0 = Debug|Any CPU
		{E5B5C4D5-850E-4E4B-9C64-4B281935A2CA}.AppStore|x64.ActiveCfg = Debug|Any CPU
		{E5B5C4D5-850E-4E4B-9C64-4B281935A2CA}.AppStore|x64.Build.0 = Debug|Any CPU
		{E5B5C4D5-850E-4E4B-9C64-4B281935A2CA}.AppStore|x64.Deploy.0 = Debug|Any CPU
		{E5B5C4D5-850E-4E4B-9C64-4B281935A2CA}.AppStore|x86.ActiveCfg = Debug|Any CPU
		{E5B5C4D5-850E-4E4B-9C64-4B281935A2CA}.AppStore|x86.Build.0 = Debug|Any CPU
		{E5B5C4D5-850E-4E4B-9C64-4B281935A2CA}.AppStore|x86.Deploy.0 = Debug|Any CPU
		{E5B5C4D5-850E-4E4B-9C64-4B281935A2CA}.Debug|Any CPU.ActiveCfg = Debug|Any CPU
		{E5B5C4D5-850E-4E4B-9C64-4B281935A2CA}.Debug|Any CPU.Build.0 = Debug|Any CPU
		{E5B5C4D5-850E-4E4B-9C64-4B281935A2CA}.Debug|Any CPU.Deploy.0 = Debug|Any CPU
		{E5B5C4D5-850E-4E4B-9C64-4B281935A2CA}.Debug|ARM.ActiveCfg = Debug|Any CPU
		{E5B5C4D5-850E-4E4B-9C64-4B281935A2CA}.Debug|ARM.Build.0 = Debug|Any CPU
		{E5B5C4D5-850E-4E4B-9C64-4B281935A2CA}.Debug|ARM.Deploy.0 = Debug|Any CPU
		{E5B5C4D5-850E-4E4B-9C64-4B281935A2CA}.Debug|iPhone.ActiveCfg = Debug|Any CPU
		{E5B5C4D5-850E-4E4B-9C64-4B281935A2CA}.Debug|iPhone.Build.0 = Debug|Any CPU
		{E5B5C4D5-850E-4E4B-9C64-4B281935A2CA}.Debug|iPhone.Deploy.0 = Debug|Any CPU
		{E5B5C4D5-850E-4E4B-9C64-4B281935A2CA}.Debug|iPhoneSimulator.ActiveCfg = Debug|Any CPU
		{E5B5C4D5-850E-4E4B-9C64-4B281935A2CA}.Debug|iPhoneSimulator.Build.0 = Debug|Any CPU
		{E5B5C4D5-850E-4E4B-9C64-4B281935A2CA}.Debug|iPhoneSimulator.Deploy.0 = Debug|Any CPU
		{E5B5C4D5-850E-4E4B-9C64-4B281935A2CA}.Debug|x64.ActiveCfg = Debug|Any CPU
		{E5B5C4D5-850E-4E4B-9C64-4B281935A2CA}.Debug|x64.Build.0 = Debug|Any CPU
		{E5B5C4D5-850E-4E4B-9C64-4B281935A2CA}.Debug|x64.Deploy.0 = Debug|Any CPU
		{E5B5C4D5-850E-4E4B-9C64-4B281935A2CA}.Debug|x86.ActiveCfg = Debug|Any CPU
		{E5B5C4D5-850E-4E4B-9C64-4B281935A2CA}.Debug|x86.Build.0 = Debug|Any CPU
		{E5B5C4D5-850E-4E4B-9C64-4B281935A2CA}.Debug|x86.Deploy.0 = Debug|Any CPU
		{E5B5C4D5-850E-4E4B-9C64-4B281935A2CA}.Release|Any CPU.ActiveCfg = Release|Any CPU
		{E5B5C4D5-850E-4E4B-9C64-4B281935A2CA}.Release|Any CPU.Build.0 = Release|Any CPU
		{E5B5C4D5-850E-4E4B-9C64-4B281935A2CA}.Release|Any CPU.Deploy.0 = Release|Any CPU
		{E5B5C4D5-850E-4E4B-9C64-4B281935A2CA}.Release|ARM.ActiveCfg = Release|Any CPU
		{E5B5C4D5-850E-4E4B-9C64-4B281935A2CA}.Release|ARM.Build.0 = Release|Any CPU
		{E5B5C4D5-850E-4E4B-9C64-4B281935A2CA}.Release|ARM.Deploy.0 = Release|Any CPU
		{E5B5C4D5-850E-4E4B-9C64-4B281935A2CA}.Release|iPhone.ActiveCfg = Release|Any CPU
		{E5B5C4D5-850E-4E4B-9C64-4B281935A2CA}.Release|iPhone.Build.0 = Release|Any CPU
		{E5B5C4D5-850E-4E4B-9C64-4B281935A2CA}.Release|iPhone.Deploy.0 = Release|Any CPU
		{E5B5C4D5-850E-4E4B-9C64-4B281935A2CA}.Release|iPhoneSimulator.ActiveCfg = Release|Any CPU
		{E5B5C4D5-850E-4E4B-9C64-4B281935A2CA}.Release|iPhoneSimulator.Build.0 = Release|Any CPU
		{E5B5C4D5-850E-4E4B-9C64-4B281935A2CA}.Release|iPhoneSimulator.Deploy.0 = Release|Any CPU
		{E5B5C4D5-850E-4E4B-9C64-4B281935A2CA}.Release|x64.ActiveCfg = Release|Any CPU
		{E5B5C4D5-850E-4E4B-9C64-4B281935A2CA}.Release|x64.Build.0 = Release|Any CPU
		{E5B5C4D5-850E-4E4B-9C64-4B281935A2CA}.Release|x64.Deploy.0 = Release|Any CPU
		{E5B5C4D5-850E-4E4B-9C64-4B281935A2CA}.Release|x86.ActiveCfg = Release|Any CPU
		{E5B5C4D5-850E-4E4B-9C64-4B281935A2CA}.Release|x86.Build.0 = Release|Any CPU
		{E5B5C4D5-850E-4E4B-9C64-4B281935A2CA}.Release|x86.Deploy.0 = Release|Any CPU
	EndGlobalSection
	GlobalSection(SolutionProperties) = preSolution
		HideSolutionNode = FALSE
	EndGlobalSection
	GlobalSection(ExtensibilityGlobals) = postSolution
		SolutionGuid = {1406878E-AA6F-4CF5-B11A-3D5FD79446FD}
	EndGlobalSection
EndGlobal
